// !$*UTF8*$!
{
	archiveVersion = 1;
	classes = {
	};
	objectVersion = 55;
	objects = {

/* Begin PBXBuildFile section */
		DE5E995B27767E4F008E7AE8 /* load.cpp in Sources */ = {isa = PBXBuildFile; fileRef = DE5E995927767E4F008E7AE8 /* load.cpp */; };
		DE5E996427773D13008E7AE8 /* settings.cpp in Sources */ = {isa = PBXBuildFile; fileRef = DE5E996227773D13008E7AE8 /* settings.cpp */; };
		DEF242A8277298CC0070A3D7 /* main.cpp in Sources */ = {isa = PBXBuildFile; fileRef = DEF242A7277298CC0070A3D7 /* main.cpp */; };
		DEF242B32772A1600070A3D7 /* Element.cpp in Sources */ = {isa = PBXBuildFile; fileRef = DEF242B12772A1600070A3D7 /* Element.cpp */; };
/* End PBXBuildFile section */

/* Begin PBXCopyFilesBuildPhase section */
		DEF242A2277298CC0070A3D7 /* CopyFiles */ = {
			isa = PBXCopyFilesBuildPhase;
			buildActionMask = 2147483647;
			dstPath = /usr/share/man/man1/;
			dstSubfolderSpec = 0;
			files = (
			);
			runOnlyForDeploymentPostprocessing = 1;
		};
/* End PBXCopyFilesBuildPhase section */

/* Begin PBXFileReference section */
		DE5E995927767E4F008E7AE8 /* load.cpp */ = {isa = PBXFileReference; lastKnownFileType = sourcecode.cpp.cpp; path = load.cpp; sourceTree = "<group>"; };
		DE5E995A27767E4F008E7AE8 /* load.hpp */ = {isa = PBXFileReference; lastKnownFileType = sourcecode.cpp.h; path = load.hpp; sourceTree = "<group>"; };
		DE5E995E2776896D008E7AE8 /* elements */ = {isa = PBXFileReference; lastKnownFileType = folder; path = elements; sourceTree = "<group>"; };
		DE5E996227773D13008E7AE8 /* settings.cpp */ = {isa = PBXFileReference; lastKnownFileType = sourcecode.cpp.cpp; path = settings.cpp; sourceTree = "<group>"; };
		DE5E996327773D13008E7AE8 /* settings.hpp */ = {isa = PBXFileReference; lastKnownFileType = sourcecode.cpp.h; path = settings.hpp; sourceTree = "<group>"; };
		DEF242A4277298CC0070A3D7 /* learnPeriodicTable */ = {isa = PBXFileReference; explicitFileType = "compiled.mach-o.executable"; includeInIndex = 0; path = learnPeriodicTable; sourceTree = BUILT_PRODUCTS_DIR; };
		DEF242A7277298CC0070A3D7 /* main.cpp */ = {isa = PBXFileReference; lastKnownFileType = sourcecode.cpp.cpp; path = main.cpp; sourceTree = "<group>"; };
		DEF242B12772A1600070A3D7 /* Element.cpp */ = {isa = PBXFileReference; lastKnownFileType = sourcecode.cpp.cpp; path = Element.cpp; sourceTree = "<group>"; };
		DEF242B22772A1600070A3D7 /* Element.hpp */ = {isa = PBXFileReference; lastKnownFileType = sourcecode.cpp.h; path = Element.hpp; sourceTree = "<group>"; };
/* End PBXFileReference section */

/* Begin PBXFrameworksBuildPhase section */
		DEF242A1277298CC0070A3D7 /* Frameworks */ = {
			isa = PBXFrameworksBuildPhase;
			buildActionMask = 2147483647;
			files = (
			);
			runOnlyForDeploymentPostprocessing = 0;
		};
/* End PBXFrameworksBuildPhase section */

/* Begin PBXGroup section */
		DEF2429B277298CC0070A3D7 = {
			isa = PBXGroup;
			children = (
				DEF242A6277298CC0070A3D7 /* learnPeriodicTable */,
				DEF242A5277298CC0070A3D7 /* Products */,
			);
			sourceTree = "<group>";
		};
		DEF242A5277298CC0070A3D7 /* Products */ = {
			isa = PBXGroup;
			children = (
				DEF242A4277298CC0070A3D7 /* learnPeriodicTable */,
			);
			name = Products;
			sourceTree = "<group>";
		};
		DEF242A6277298CC0070A3D7 /* learnPeriodicTable */ = {
			isa = PBXGroup;
			children = (
				DEF242A7277298CC0070A3D7 /* main.cpp */,
				DEF242B12772A1600070A3D7 /* Element.cpp */,
				DEF242B22772A1600070A3D7 /* Element.hpp */,
				DE5E995927767E4F008E7AE8 /* load.cpp */,
				DE5E995A27767E4F008E7AE8 /* load.hpp */,
				DE5E996227773D13008E7AE8 /* settings.cpp */,
				DE5E996327773D13008E7AE8 /* settings.hpp */,
				DE5E995E2776896D008E7AE8 /* elements */,
			);
			path = learnPeriodicTable;
			sourceTree = "<group>";
		};
/* End PBXGroup section */

/* Begin PBXNativeTarget section */
		DEF242A3277298CC0070A3D7 /* learnPeriodicTable */ = {
			isa = PBXNativeTarget;
			buildConfigurationList = DEF242AB277298CC0070A3D7 /* Build configuration list for PBXNativeTarget "learnPeriodicTable" */;
			buildPhases = (
				DEF242A0277298CC0070A3D7 /* Sources */,
				DEF242A1277298CC0070A3D7 /* Frameworks */,
				DEF242A2277298CC0070A3D7 /* CopyFiles */,
			);
			buildRules = (
			);
			dependencies = (
			);
			name = learnPeriodicTable;
			productName = learnPeriodicTable;
			productReference = DEF242A4277298CC0070A3D7 /* learnPeriodicTable */;
			productType = "com.apple.product-type.tool";
		};
/* End PBXNativeTarget section */

/* Begin PBXProject section */
		DEF2429C277298CC0070A3D7 /* Project object */ = {
			isa = PBXProject;
			attributes = {
				BuildIndependentTargetsInParallel = 1;
				LastUpgradeCheck = 1320;
				TargetAttributes = {
					DEF242A3277298CC0070A3D7 = {
						CreatedOnToolsVersion = 13.2.1;
					};
				};
			};
			buildConfigurationList = DEF2429F277298CC0070A3D7 /* Build configuration list for PBXProject "learnPeriodicTable" */;
			compatibilityVersion = "Xcode 13.0";
			developmentRegion = en;
			hasScannedForEncodings = 0;
			knownRegions = (
				en,
				Base,
			);
			mainGroup = DEF2429B277298CC0070A3D7;
			productRefGroup = DEF242A5277298CC0070A3D7 /* Products */;
			projectDirPath = "";
			projectRoot = "";
			targets = (
				DEF242A3277298CC0070A3D7 /* learnPeriodicTable */,
			);
		};
/* End PBXProject section */

/* Begin PBXSourcesBuildPhase section */
		DEF242A0277298CC0070A3D7 /* Sources */ = {
			isa = PBXSourcesBuildPhase;
			buildActionMask = 2147483647;
			files = (
				DEF242B32772A1600070A3D7 /* Element.cpp in Sources */,
				DEF242A8277298CC0070A3D7 /* main.cpp in Sources */,
				DE5E996427773D13008E7AE8 /* settings.cpp in Sources */,
				DE5E995B27767E4F008E7AE8 /* load.cpp in Sources */,
			);
			runOnlyForDeploymentPostprocessing = 0;
		};
/* End PBXSourcesBuildPhase section */

/* Begin XCBuildConfiguration section */
		DEF242A9277298CC0070A3D7 /* Debug */ = {
			isa = XCBuildConfiguration;
			buildSettings = {
				ALWAYS_SEARCH_USER_PATHS = NO;
				CLANG_ANALYZER_NONNULL = YES;
				CLANG_ANALYZER_NUMBER_OBJECT_CONVERSION = YES_AGGRESSIVE;
				CLANG_CXX_LANGUAGE_STANDARD = "gnu++17";
				CLANG_CXX_LIBRARY = "libc++";
				CLANG_ENABLE_MODULES = YES;
				CLANG_ENABLE_OBJC_ARC = YES;
				CLANG_ENABLE_OBJC_WEAK = YES;
				CLANG_WARN_BLOCK_CAPTURE_AUTORELEASING = YES;
				CLANG_WARN_BOOL_CONVERSION = YES;
				CLANG_WARN_COMMA = YES;
				CLANG_WARN_CONSTANT_CONVERSION = YES;
				CLANG_WARN_DEPRECATED_OBJC_IMPLEMENTATIONS = YES;
				CLANG_WARN_DIRECT_OBJC_ISA_USAGE = YES_ERROR;
				CLANG_WARN_DOCUMENTATION_COMMENTS = YES;
				CLANG_WARN_EMPTY_BODY = YES;
				CLANG_WARN_ENUM_CONVERSION = YES;
				CLANG_WARN_INFINITE_RECURSION = YES;
				CLANG_WARN_INT_CONVERSION = YES;
				CLANG_WARN_NON_LITERAL_NULL_CONVERSION = YES;
				CLANG_WARN_OBJC_IMPLICIT_RETAIN_SELF = YES;
				CLANG_WARN_OBJC_LITERAL_CONVERSION = YES;
				CLANG_WARN_OBJC_ROOT_CLASS = YES_ERROR;
				CLANG_WARN_QUOTED_INCLUDE_IN_FRAMEWORK_HEADER = YES;
				CLANG_WARN_RANGE_LOOP_ANALYSIS = YES;
				CLANG_WARN_STRICT_PROTOTYPES = YES;
				CLANG_WARN_SUSPICIOUS_MOVE = YES;
				CLANG_WARN_UNGUARDED_AVAILABILITY = YES_AGGRESSIVE;
				CLANG_WARN_UNREACHABLE_CODE = YES;
				CLANG_WARN__DUPLICATE_METHOD_MATCH = YES;
				COPY_PHASE_STRIP = NO;
				DEBUG_INFORMATION_FORMAT = dwarf;
				ENABLE_STRICT_OBJC_MSGSEND = YES;
				ENABLE_TESTABILITY = YES;
				GCC_C_LANGUAGE_STANDARD = gnu11;
				GCC_DYNAMIC_NO_PIC = NO;
				GCC_NO_COMMON_BLOCKS = YES;
				GCC_OPTIMIZATION_LEVEL = 0;
				GCC_PREPROCESSOR_DEFINITIONS = (
					"DEBUG=1",
					"$(inherited)",
				);
				GCC_WARN_64_TO_32_BIT_CONVERSION = YES;
				GCC_WARN_ABOUT_RETURN_TYPE = YES_ERROR;
				GCC_WARN_UNDECLARED_SELECTOR = YES;
				GCC_WARN_UNINITIALIZED_AUTOS = YES_AGGRESSIVE;
				GCC_WARN_UNUSED_FUNCTION = YES;
				GCC_WARN_UNUSED_VARIABLE = YES;
				MACOSX_DEPLOYMENT_TARGET = 12.1;
				MTL_ENABLE_DEBUG_INFO = INCLUDE_SOURCE;
				MTL_FAST_MATH = YES;
				ONLY_ACTIVE_ARCH = YES;
				SDKROOT = macosx;
			};
			name = Debug;
		};
		DEF242AA277298CC0070A3D7 /* Release */ = {
			isa = XCBuildConfiguration;
			buildSettings = {
				ALWAYS_SEARCH_USER_PATHS = NO;
				CLANG_ANALYZER_NONNULL = YES;
				CLANG_ANALYZER_NUMBER_OBJECT_CONVERSION = YES_AGGRESSIVE;
				CLANG_CXX_LANGUAGE_STANDARD = "gnu++17";
				CLANG_CXX_LIBRARY = "libc++";
				CLANG_ENABLE_MODULES = YES;
				CLANG_ENABLE_OBJC_ARC = YES;
				CLANG_ENABLE_OBJC_WEAK = YES;
				CLANG_WARN_BLOCK_CAPTURE_AUTORELEASING = YES;
				CLANG_WARN_BOOL_CONVERSION = YES;
				CLANG_WARN_COMMA = YES;
				CLANG_WARN_CONSTANT_CONVERSION = YES;
				CLANG_WARN_DEPRECATED_OBJC_IMPLEMENTATIONS = YES;
				CLANG_WARN_DIRECT_OBJC_ISA_USAGE = YES_ERROR;
				CLANG_WARN_DOCUMENTATION_COMMENTS = YES;
				CLANG_WARN_EMPTY_BODY = YES;
				CLANG_WARN_ENUM_CONVERSION = YES;
				CLANG_WARN_INFINITE_RECURSION = YES;
				CLANG_WARN_INT_CONVERSION = YES;
				CLANG_WARN_NON_LITERAL_NULL_CONVERSION = YES;
				CLANG_WARN_OBJC_IMPLICIT_RETAIN_SELF = YES;
				CLANG_WARN_OBJC_LITERAL_CONVERSION = YES;
				CLANG_WARN_OBJC_ROOT_CLASS = YES_ERROR;
				CLANG_WARN_QUOTED_INCLUDE_IN_FRAMEWORK_HEADER = YES;
				CLANG_WARN_RANGE_LOOP_ANALYSIS = YES;
				CLANG_WARN_STRICT_PROTOTYPES = YES;
				CLANG_WARN_SUSPICIOUS_MOVE = YES;
				CLANG_WARN_UNGUARDED_AVAILABILITY = YES_AGGRESSIVE;
				CLANG_WARN_UNREACHABLE_CODE = YES;
				CLANG_WARN__DUPLICATE_METHOD_MATCH = YES;
				COPY_PHASE_STRIP = NO;
				DEBUG_INFORMATION_FORMAT = "dwarf-with-dsym";
				ENABLE_NS_ASSERTIONS = NO;
				ENABLE_STRICT_OBJC_MSGSEND = YES;
				GCC_C_LANGUAGE_STANDARD = gnu11;
				GCC_NO_COMMON_BLOCKS = YES;
				GCC_WARN_64_TO_32_BIT_CONVERSION = YES;
				GCC_WARN_ABOUT_RETURN_TYPE = YES_ERROR;
				GCC_WARN_UNDECLARED_SELECTOR = YES;
				GCC_WARN_UNINITIALIZED_AUTOS = YES_AGGRESSIVE;
				GCC_WARN_UNUSED_FUNCTION = YES;
				GCC_WARN_UNUSED_VARIABLE = YES;
				MACOSX_DEPLOYMENT_TARGET = 12.1;
				MTL_ENABLE_DEBUG_INFO = NO;
				MTL_FAST_MATH = YES;
				SDKROOT = macosx;
			};
			name = Release;
		};
		DEF242AC277298CC0070A3D7 /* Debug */ = {
			isa = XCBuildConfiguration;
			buildSettings = {
				CODE_SIGN_STYLE = Automatic;
				PRODUCT_NAME = "$(TARGET_NAME)";
			};
			name = Debug;
		};
		DEF242AD277298CC0070A3D7 /* Release */ = {
			isa = XCBuildConfiguration;
			buildSettings = {
				CODE_SIGN_STYLE = Automatic;
				PRODUCT_NAME = "$(TARGET_NAME)";
			};
			name = Release;
		};
/* End XCBuildConfiguration section */

/* Begin XCConfigurationList section */
		DEF2429F277298CC0070A3D7 /* Build configuration list for PBXProject "learnPeriodicTable" */ = {
			isa = XCConfigurationList;
			buildConfigurations = (
				DEF242A9277298CC0070A3D7 /* Debug */,
				DEF242AA277298CC0070A3D7 /* Release */,
			);
			defaultConfigurationIsVisible = 0;
			defaultConfigurationName = Release;
		};
		DEF242AB277298CC0070A3D7 /* Build configuration list for PBXNativeTarget "learnPeriodicTable" */ = {
			isa = XCConfigurationList;
			buildConfigurations = (
				DEF242AC277298CC0070A3D7 /* Debug */,
				DEF242AD277298CC0070A3D7 /* Release */,
			);
			defaultConfigurationIsVisible = 0;
			defaultConfigurationName = Release;
		};
/* End XCConfigurationList section */
	};
	rootObject = DEF2429C277298CC0070A3D7 /* Project object */;
}
